
Microsoft Visual Studio Solution File, Format Version 12.00
# Visual Studio Version 16
VisualStudioVersion = 16.0.31624.102
MinimumVisualStudioVersion = 10.0.40219.1
Project("{F184B08F-C81C-45F6-A57F-5ABD9991F28F}") = "TwitterVB", "TwitterVB\TwitterVB.vbproj", "{2424BF1D-7D63-4C36-90D6-EA97F80A675C}"
EndProject
Global
	GlobalSection(SolutionConfigurationPlatforms) = preSolution
		Debug|Any CPU = Debug|Any CPU
		Release|Any CPU = Release|Any CPU
	EndGlobalSection
	GlobalSection(ProjectConfigurationPlatforms) = postSolution
		{2424BF1D-7D63-4C36-90D6-EA97F80A675C}.Debug|Any CPU.ActiveCfg = Debug|Any CPU
		{2424BF1D-7D63-4C36-90D6-EA97F80A675C}.Debug|Any CPU.Build.0 = Debug|Any CPU
		{2424BF1D-7D63-4C36-90D6-EA97F80A675C}.Release|Any CPU.ActiveCfg = Release|Any CPU
		{2424BF1D-7D63-4C36-90D6-EA97F80A675C}.Release|Any CPU.Build.0 = Release|Any CPU
	EndGlobalSection
	GlobalSection(SolutionProperties) = preSolution
		HideSolutionNode = FALSE
	EndGlobalSection
	GlobalSection(ExtensibilityGlobals) = postSolution
		SolutionGuid = {FE170076-84D0-4A45-88CC-3895C16AA72F}
	EndGlobalSection
EndGlobal
